
Microsoft Visual Studio Solution File, Format Version 12.00
# Visual Studio Version 17
VisualStudioVersion = 17.14.36310.24
MinimumVisualStudioVersion = 10.0.40219.1
Project("{FAE04EC0-301F-11D3-BF4B-00C04F79EFBC}") = "APISchool", "APISchool\APISchool.csproj", "{3C8F7335-FEFB-4AE9-A136-799A023D5F00}"
EndProject
Global
	GlobalSection(SolutionConfigurationPlatforms) = preSolution
		Debug|Any CPU = Debug|Any CPU
		Release|Any CPU = Release|Any CPU
	EndGlobalSection
	GlobalSection(ProjectConfigurationPlatforms) = postSolution
		{3C8F7335-FEFB-4AE9-A136-799A023D5F00}.Debug|Any CPU.ActiveCfg = Debug|Any CPU
		{3C8F7335-FEFB-4AE9-A136-799A023D5F00}.Debug|Any CPU.Build.0 = Debug|Any CPU
		{3C8F7335-FEFB-4AE9-A136-799A023D5F00}.Release|Any CPU.ActiveCfg = Release|Any CPU
		{3C8F7335-FEFB-4AE9-A136-799A023D5F00}.Release|Any CPU.Build.0 = Release|Any CPU
	EndGlobalSection
	GlobalSection(SolutionProperties) = preSolution
		HideSolutionNode = FALSE
	EndGlobalSection
	GlobalSection(ExtensibilityGlobals) = postSolution
		SolutionGuid = {F2C65ED7-653F-4A28-BBD0-12FB4E8C17D1}
	EndGlobalSection
EndGlobal
